// !$*UTF8*$!
{
	archiveVersion = 1;
	classes = {
	};
	objectVersion = 50;
	objects = {

/* Begin PBXBuildFile section */
		78A400D421C6136200C90132 /* AppDelegate.m in Sources */ = {isa = PBXBuildFile; fileRef = 78A400D321C6136200C90132 /* AppDelegate.m */; };
		78A400DA21C6136200C90132 /* Main.storyboard in Resources */ = {isa = PBXBuildFile; fileRef = 78A400D821C6136200C90132 /* Main.storyboard */; };
		78A400DC21C6136400C90132 /* Assets.xcassets in Resources */ = {isa = PBXBuildFile; fileRef = 78A400DB21C6136400C90132 /* Assets.xcassets */; };
		78A400DF21C6136400C90132 /* LaunchScreen.storyboard in Resources */ = {isa = PBXBuildFile; fileRef = 78A400DD21C6136400C90132 /* LaunchScreen.storyboard */; };
		78A400E221C6136400C90132 /* main.m in Sources */ = {isa = PBXBuildFile; fileRef = 78A400E121C6136400C90132 /* main.m */; };
		78A400EC21C6136400C90132 /* PlaybackUsingAVPlayerLayerTests.m in Sources */ = {isa = PBXBuildFile; fileRef = 78A400EB21C6136400C90132 /* PlaybackUsingAVPlayerLayerTests.m */; };
		78A400F721C613E700C90132 /* PlayerView.m in Sources */ = {isa = PBXBuildFile; fileRef = 78A400F621C613E700C90132 /* PlayerView.m */; };
		78A400F921C6178F00C90132 /* PlayerViewController.m in Sources */ = {isa = PBXBuildFile; fileRef = 78A400F821C6178F00C90132 /* PlayerViewController.m */; };
		78A400FD21C62E8800C90132 /* widowMakerPOTG.mp4 in Resources */ = {isa = PBXBuildFile; fileRef = 78A400FB21C61FFF00C90132 /* widowMakerPOTG.mp4 */; };
/* End PBXBuildFile section */

/* Begin PBXContainerItemProxy section */
		78A400E821C6136400C90132 /* PBXContainerItemProxy */ = {
			isa = PBXContainerItemProxy;
			containerPortal = 78A400C721C6136200C90132 /* Project object */;
			proxyType = 1;
			remoteGlobalIDString = 78A400CE21C6136200C90132;
			remoteInfo = PlaybackUsingAVPlayerLayer;
		};
/* End PBXContainerItemProxy section */

/* Begin PBXFileReference section */
		78A400CF21C6136200C90132 /* PlaybackUsingAVPlayerLayer.app */ = {isa = PBXFileReference; explicitFileType = wrapper.application; includeInIndex = 0; path = PlaybackUsingAVPlayerLayer.app; sourceTree = BUILT_PRODUCTS_DIR; };
		78A400D221C6136200C90132 /* AppDelegate.h */ = {isa = PBXFileReference; lastKnownFileType = sourcecode.c.h; path = AppDelegate.h; sourceTree = "<group>"; };
		78A400D321C6136200C90132 /* AppDelegate.m */ = {isa = PBXFileReference; lastKnownFileType = sourcecode.c.objc; path = AppDelegate.m; sourceTree = "<group>"; };
		78A400D921C6136200C90132 /* Base */ = {isa = PBXFileReference; lastKnownFileType = file.storyboard; name = Base; path = Base.lproj/Main.storyboard; sourceTree = "<group>"; };
		78A400DB21C6136400C90132 /* Assets.xcassets */ = {isa = PBXFileReference; lastKnownFileType = folder.assetcatalog; path = Assets.xcassets; sourceTree = "<group>"; };
		78A400DE21C6136400C90132 /* Base */ = {isa = PBXFileReference; lastKnownFileType = file.storyboard; name = Base; path = Base.lproj/LaunchScreen.storyboard; sourceTree = "<group>"; };
		78A400E021C6136400C90132 /* Info.plist */ = {isa = PBXFileReference; lastKnownFileType = text.plist.xml; path = Info.plist; sourceTree = "<group>"; };
		78A400E121C6136400C90132 /* main.m */ = {isa = PBXFileReference; lastKnownFileType = sourcecode.c.objc; path = main.m; sourceTree = "<group>"; };
		78A400E721C6136400C90132 /* PlaybackUsingAVPlayerLayerTests.xctest */ = {isa = PBXFileReference; explicitFileType = wrapper.cfbundle; includeInIndex = 0; path = PlaybackUsingAVPlayerLayerTests.xctest; sourceTree = BUILT_PRODUCTS_DIR; };
		78A400EB21C6136400C90132 /* PlaybackUsingAVPlayerLayerTests.m */ = {isa = PBXFileReference; lastKnownFileType = sourcecode.c.objc; path = PlaybackUsingAVPlayerLayerTests.m; sourceTree = "<group>"; };
		78A400ED21C6136400C90132 /* Info.plist */ = {isa = PBXFileReference; lastKnownFileType = text.plist.xml; path = Info.plist; sourceTree = "<group>"; };
		78A400F621C613E700C90132 /* PlayerView.m */ = {isa = PBXFileReference; lastKnownFileType = sourcecode.c.objc; path = PlayerView.m; sourceTree = "<group>"; };
		78A400F821C6178F00C90132 /* PlayerViewController.m */ = {isa = PBXFileReference; lastKnownFileType = sourcecode.c.objc; path = PlayerViewController.m; sourceTree = "<group>"; };
		78A400FB21C61FFF00C90132 /* widowMakerPOTG.mp4 */ = {isa = PBXFileReference; lastKnownFileType = file; path = widowMakerPOTG.mp4; sourceTree = "<group>"; };
		78A400FC21C62BDA00C90132 /* PlayerView.h */ = {isa = PBXFileReference; lastKnownFileType = sourcecode.c.h; path = PlayerView.h; sourceTree = "<group>"; };
/* End PBXFileReference section */

/* Begin PBXFrameworksBuildPhase section */
		78A400CC21C6136200C90132 /* Frameworks */ = {
			isa = PBXFrameworksBuildPhase;
			buildActionMask = 2147483647;
			files = (
			);
			runOnlyForDeploymentPostprocessing = 0;
		};
		78A400E421C6136400C90132 /* Frameworks */ = {
			isa = PBXFrameworksBuildPhase;
			buildActionMask = 2147483647;
			files = (
			);
			runOnlyForDeploymentPostprocessing = 0;
		};
/* End PBXFrameworksBuildPhase section */

/* Begin PBXGroup section */
		78A400C621C6136200C90132 = {
			isa = PBXGroup;
			children = (
				78A400D121C6136200C90132 /* PlaybackUsingAVPlayerLayer */,
				78A400EA21C6136400C90132 /* PlaybackUsingAVPlayerLayerTests */,
				78A400D021C6136200C90132 /* Products */,
			);
			sourceTree = "<group>";
		};
		78A400D021C6136200C90132 /* Products */ = {
			isa = PBXGroup;
			children = (
				78A400CF21C6136200C90132 /* PlaybackUsingAVPlayerLayer.app */,
				78A400E721C6136400C90132 /* PlaybackUsingAVPlayerLayerTests.xctest */,
			);
			name = Products;
			sourceTree = "<group>";
		};
		78A400D121C6136200C90132 /* PlaybackUsingAVPlayerLayer */ = {
			isa = PBXGroup;
			children = (
				78A400FA21C61FEF00C90132 /* Resource */,
				78A400D221C6136200C90132 /* AppDelegate.h */,
				78A400D321C6136200C90132 /* AppDelegate.m */,
				78A400D821C6136200C90132 /* Main.storyboard */,
				78A400DB21C6136400C90132 /* Assets.xcassets */,
				78A400DD21C6136400C90132 /* LaunchScreen.storyboard */,
				78A400E021C6136400C90132 /* Info.plist */,
				78A400E121C6136400C90132 /* main.m */,
				78A400F621C613E700C90132 /* PlayerView.m */,
				78A400FC21C62BDA00C90132 /* PlayerView.h */,
				78A400F821C6178F00C90132 /* PlayerViewController.m */,
			);
			path = PlaybackUsingAVPlayerLayer;
			sourceTree = "<group>";
		};
		78A400EA21C6136400C90132 /* PlaybackUsingAVPlayerLayerTests */ = {
			isa = PBXGroup;
			children = (
				78A400EB21C6136400C90132 /* PlaybackUsingAVPlayerLayerTests.m */,
				78A400ED21C6136400C90132 /* Info.plist */,
			);
			path = PlaybackUsingAVPlayerLayerTests;
			sourceTree = "<group>";
		};
		78A400FA21C61FEF00C90132 /* Resource */ = {
			isa = PBXGroup;
			children = (
				78A400FB21C61FFF00C90132 /* widowMakerPOTG.mp4 */,
			);
			path = Resource;
			sourceTree = "<group>";
		};
/* End PBXGroup section */

/* Begin PBXNativeTarget section */
		78A400CE21C6136200C90132 /* PlaybackUsingAVPlayerLayer */ = {
			isa = PBXNativeTarget;
			buildConfigurationList = 78A400F021C6136400C90132 /* Build configuration list for PBXNativeTarget "PlaybackUsingAVPlayerLayer" */;
			buildPhases = (
				78A400CB21C6136200C90132 /* Sources */,
				78A400CC21C6136200C90132 /* Frameworks */,
				78A400CD21C6136200C90132 /* Resources */,
			);
			buildRules = (
			);
			dependencies = (
			);
			name = PlaybackUsingAVPlayerLayer;
			productName = PlaybackUsingAVPlayerLayer;
			productReference = 78A400CF21C6136200C90132 /* PlaybackUsingAVPlayerLayer.app */;
			productType = "com.apple.product-type.application";
		};
		78A400E621C6136400C90132 /* PlaybackUsingAVPlayerLayerTests */ = {
			isa = PBXNativeTarget;
			buildConfigurationList = 78A400F321C6136400C90132 /* Build configuration list for PBXNativeTarget "PlaybackUsingAVPlayerLayerTests" */;
			buildPhases = (
				78A400E321C6136400C90132 /* Sources */,
				78A400E421C6136400C90132 /* Frameworks */,
				78A400E521C6136400C90132 /* Resources */,
			);
			buildRules = (
			);
			dependencies = (
				78A400E921C6136400C90132 /* PBXTargetDependency */,
			);
			name = PlaybackUsingAVPlayerLayerTests;
			productName = PlaybackUsingAVPlayerLayerTests;
			productReference = 78A400E721C6136400C90132 /* PlaybackUsingAVPlayerLayerTests.xctest */;
			productType = "com.apple.product-type.bundle.unit-test";
		};
/* End PBXNativeTarget section */

/* Begin PBXProject section */
		78A400C721C6136200C90132 /* Project object */ = {
			isa = PBXProject;
			attributes = {
				LastUpgradeCheck = 1000;
				ORGANIZATIONNAME = HanGyoJeong;
				TargetAttributes = {
					78A400CE21C6136200C90132 = {
						CreatedOnToolsVersion = 10.0;
					};
					78A400E621C6136400C90132 = {
						CreatedOnToolsVersion = 10.0;
						TestTargetID = 78A400CE21C6136200C90132;
					};
				};
			};
			buildConfigurationList = 78A400CA21C6136200C90132 /* Build configuration list for PBXProject "PlaybackUsingAVPlayerLayer" */;
			compatibilityVersion = "Xcode 9.3";
			developmentRegion = en;
			hasScannedForEncodings = 0;
			knownRegions = (
				en,
				Base,
			);
			mainGroup = 78A400C621C6136200C90132;
			productRefGroup = 78A400D021C6136200C90132 /* Products */;
			projectDirPath = "";
			projectRoot = "";
			targets = (
				78A400CE21C6136200C90132 /* PlaybackUsingAVPlayerLayer */,
				78A400E621C6136400C90132 /* PlaybackUsingAVPlayerLayerTests */,
			);
		};
/* End PBXProject section */

/* Begin PBXResourcesBuildPhase section */
		78A400CD21C6136200C90132 /* Resources */ = {
			isa = PBXResourcesBuildPhase;
			buildActionMask = 2147483647;
			files = (
				78A400DF21C6136400C90132 /* LaunchScreen.storyboard in Resources */,
				78A400FD21C62E8800C90132 /* widowMakerPOTG.mp4 in Resources */,
				78A400DC21C6136400C90132 /* Assets.xcassets in Resources */,
				78A400DA21C6136200C90132 /* Main.storyboard in Resources */,
			);
			runOnlyForDeploymentPostprocessing = 0;
		};
		78A400E521C6136400C90132 /* Resources */ = {
			isa = PBXResourcesBuildPhase;
			buildActionMask = 2147483647;
			files = (
			);
			runOnlyForDeploymentPostprocessing = 0;
		};
/* End PBXResourcesBuildPhase section */

/* Begin PBXSourcesBuildPhase section */
		78A400CB21C6136200C90132 /* Sources */ = {
			isa = PBXSourcesBuildPhase;
			buildActionMask = 2147483647;
			files = (
				78A400E221C6136400C90132 /* main.m in Sources */,
				78A400F921C6178F00C90132 /* PlayerViewController.m in Sources */,
				78A400D421C6136200C90132 /* AppDelegate.m in Sources */,
				78A400F721C613E700C90132 /* PlayerView.m in Sources */,
			);
			runOnlyForDeploymentPostprocessing = 0;
		};
		78A400E321C6136400C90132 /* Sources */ = {
			isa = PBXSourcesBuildPhase;
			buildActionMask = 2147483647;
			files = (
				78A400EC21C6136400C90132 /* PlaybackUsingAVPlayerLayerTests.m in Sources */,
			);
			runOnlyForDeploymentPostprocessing = 0;
		};
/* End PBXSourcesBuildPhase section */

/* Begin PBXTargetDependency section */
		78A400E921C6136400C90132 /* PBXTargetDependency */ = {
			isa = PBXTargetDependency;
			target = 78A400CE21C6136200C90132 /* PlaybackUsingAVPlayerLayer */;
			targetProxy = 78A400E821C6136400C90132 /* PBXContainerItemProxy */;
		};
/* End PBXTargetDependency section */

/* Begin PBXVariantGroup section */
		78A400D821C6136200C90132 /* Main.storyboard */ = {
			isa = PBXVariantGroup;
			children = (
				78A400D921C6136200C90132 /* Base */,
			);
			name = Main.storyboard;
			sourceTree = "<group>";
		};
		78A400DD21C6136400C90132 /* LaunchScreen.storyboard */ = {
			isa = PBXVariantGroup;
			children = (
				78A400DE21C6136400C90132 /* Base */,
			);
			name = LaunchScreen.storyboard;
			sourceTree = "<group>";
		};
/* End PBXVariantGroup section */

/* Begin XCBuildConfiguration section */
		78A400EE21C6136400C90132 /* Debug */ = {
			isa = XCBuildConfiguration;
			buildSettings = {
				ALWAYS_SEARCH_USER_PATHS = NO;
				CLANG_ANALYZER_NONNULL = YES;
				CLANG_ANALYZER_NUMBER_OBJECT_CONVERSION = YES_AGGRESSIVE;
				CLANG_CXX_LANGUAGE_STANDARD = "gnu++14";
				CLANG_CXX_LIBRARY = "libc++";
				CLANG_ENABLE_MODULES = YES;
				CLANG_ENABLE_OBJC_ARC = YES;
				CLANG_ENABLE_OBJC_WEAK = YES;
				CLANG_WARN_BLOCK_CAPTURE_AUTORELEASING = YES;
				CLANG_WARN_BOOL_CONVERSION = YES;
				CLANG_WARN_COMMA = YES;
				CLANG_WARN_CONSTANT_CONVERSION = YES;
				CLANG_WARN_DEPRECATED_OBJC_IMPLEMENTATIONS = YES;
				CLANG_WARN_DIRECT_OBJC_ISA_USAGE = YES_ERROR;
				CLANG_WARN_DOCUMENTATION_COMMENTS = YES;
				CLANG_WARN_EMPTY_BODY = YES;
				CLANG_WARN_ENUM_CONVERSION = YES;
				CLANG_WARN_INFINITE_RECURSION = YES;
				CLANG_WARN_INT_CONVERSION = YES;
				CLANG_WARN_NON_LITERAL_NULL_CONVERSION = YES;
				CLANG_WARN_OBJC_IMPLICIT_RETAIN_SELF = YES;
				CLANG_WARN_OBJC_LITERAL_CONVERSION = YES;
				CLANG_WARN_OBJC_ROOT_CLASS = YES_ERROR;
				CLANG_WARN_RANGE_LOOP_ANALYSIS = YES;
				CLANG_WARN_STRICT_PROTOTYPES = YES;
				CLANG_WARN_SUSPICIOUS_MOVE = YES;
				CLANG_WARN_UNGUARDED_AVAILABILITY = YES_AGGRESSIVE;
				CLANG_WARN_UNREACHABLE_CODE = YES;
				CLANG_WARN__DUPLICATE_METHOD_MATCH = YES;
				CODE_SIGN_IDENTITY = "iPhone Developer";
				COPY_PHASE_STRIP = NO;
				DEBUG_INFORMATION_FORMAT = dwarf;
				ENABLE_STRICT_OBJC_MSGSEND = YES;
				ENABLE_TESTABILITY = YES;
				GCC_C_LANGUAGE_STANDARD = gnu11;
				GCC_DYNAMIC_NO_PIC = NO;
				GCC_NO_COMMON_BLOCKS = YES;
				GCC_OPTIMIZATION_LEVEL = 0;
				GCC_PREPROCESSOR_DEFINITIONS = (
					"DEBUG=1",
					"$(inherited)",
				);
				GCC_WARN_64_TO_32_BIT_CONVERSION = YES;
				GCC_WARN_ABOUT_RETURN_TYPE = YES_ERROR;
				GCC_WARN_UNDECLARED_SELECTOR = YES;
				GCC_WARN_UNINITIALIZED_AUTOS = YES_AGGRESSIVE;
				GCC_WARN_UNUSED_FUNCTION = YES;
				GCC_WARN_UNUSED_VARIABLE = YES;
				IPHONEOS_DEPLOYMENT_TARGET = 12.0;
				MTL_ENABLE_DEBUG_INFO = INCLUDE_SOURCE;
				MTL_FAST_MATH = YES;
				ONLY_ACTIVE_ARCH = YES;
				SDKROOT = iphoneos;
			};
			name = Debug;
		};
		78A400EF21C6136400C90132 /* Release */ = {
			isa = XCBuildConfiguration;
			buildSettings = {
				ALWAYS_SEARCH_USER_PATHS = NO;
				CLANG_ANALYZER_NONNULL = YES;
				CLANG_ANALYZER_NUMBER_OBJECT_CONVERSION = YES_AGGRESSIVE;
				CLANG_CXX_LANGUAGE_STANDARD = "gnu++14";
				CLANG_CXX_LIBRARY = "libc++";
				CLANG_ENABLE_MODULES = YES;
				CLANG_ENABLE_OBJC_ARC = YES;
				CLANG_ENABLE_OBJC_WEAK = YES;
				CLANG_WARN_BLOCK_CAPTURE_AUTORELEASING = YES;
				CLANG_WARN_BOOL_CONVERSION = YES;
				CLANG_WARN_COMMA = YES;
				CLANG_WARN_CONSTANT_CONVERSION = YES;
				CLANG_WARN_DEPRECATED_OBJC_IMPLEMENTATIONS = YES;
				CLANG_WARN_DIRECT_OBJC_ISA_USAGE = YES_ERROR;
				CLANG_WARN_DOCUMENTATION_COMMENTS = YES;
				CLANG_WARN_EMPTY_BODY = YES;
				CLANG_WARN_ENUM_CONVERSION = YES;
				CLANG_WARN_INFINITE_RECURSION = YES;
				CLANG_WARN_INT_CONVERSION = YES;
				CLANG_WARN_NON_LITERAL_NULL_CONVERSION = YES;
				CLANG_WARN_OBJC_IMPLICIT_RETAIN_SELF = YES;
				CLANG_WARN_OBJC_LITERAL_CONVERSION = YES;
				CLANG_WARN_OBJC_ROOT_CLASS = YES_ERROR;
				CLANG_WARN_RANGE_LOOP_ANALYSIS = YES;
				CLANG_WARN_STRICT_PROTOTYPES = YES;
				CLANG_WARN_SUSPICIOUS_MOVE = YES;
				CLANG_WARN_UNGUARDED_AVAILABILITY = YES_AGGRESSIVE;
				CLANG_WARN_UNREACHABLE_CODE = YES;
				CLANG_WARN__DUPLICATE_METHOD_MATCH = YES;
				CODE_SIGN_IDENTITY = "iPhone Developer";
				COPY_PHASE_STRIP = NO;
				DEBUG_INFORMATION_FORMAT = "dwarf-with-dsym";
				ENABLE_NS_ASSERTIONS = NO;
				ENABLE_STRICT_OBJC_MSGSEND = YES;
				GCC_C_LANGUAGE_STANDARD = gnu11;
				GCC_NO_COMMON_BLOCKS = YES;
				GCC_WARN_64_TO_32_BIT_CONVERSION = YES;
				GCC_WARN_ABOUT_RETURN_TYPE = YES_ERROR;
				GCC_WARN_UNDECLARED_SELECTOR = YES;
				GCC_WARN_UNINITIALIZED_AUTOS = YES_AGGRESSIVE;
				GCC_WARN_UNUSED_FUNCTION = YES;
				GCC_WARN_UNUSED_VARIABLE = YES;
				IPHONEOS_DEPLOYMENT_TARGET = 12.0;
				MTL_ENABLE_DEBUG_INFO = NO;
				MTL_FAST_MATH = YES;
				SDKROOT = iphoneos;
				VALIDATE_PRODUCT = YES;
			};
			name = Release;
		};
		78A400F121C6136400C90132 /* Debug */ = {
			isa = XCBuildConfiguration;
			buildSettings = {
				ASSETCATALOG_COMPILER_APPICON_NAME = AppIcon;
				CODE_SIGN_STYLE = Automatic;
				DEVELOPMENT_TEAM = KYV3CSY2F3;
				INFOPLIST_FILE = PlaybackUsingAVPlayerLayer/Info.plist;
				IPHONEOS_DEPLOYMENT_TARGET = 9.0;
				LD_RUNPATH_SEARCH_PATHS = (
					"$(inherited)",
					"@executable_path/Frameworks",
				);
				PRODUCT_BUNDLE_IDENTIFIER = kr.hangyojeong.PlaybackUsingAVPlayerLayer;
				PRODUCT_NAME = "$(TARGET_NAME)";
				TARGETED_DEVICE_FAMILY = "1,2";
			};
			name = Debug;
		};
		78A400F221C6136400C90132 /* Release */ = {
			isa = XCBuildConfiguration;
			buildSettings = {
				ASSETCATALOG_COMPILER_APPICON_NAME = AppIcon;
				CODE_SIGN_STYLE = Automatic;
				DEVELOPMENT_TEAM = KYV3CSY2F3;
				INFOPLIST_FILE = PlaybackUsingAVPlayerLayer/Info.plist;
				IPHONEOS_DEPLOYMENT_TARGET = 9.0;
				LD_RUNPATH_SEARCH_PATHS = (
					"$(inherited)",
					"@executable_path/Frameworks",
				);
				PRODUCT_BUNDLE_IDENTIFIER = kr.hangyojeong.PlaybackUsingAVPlayerLayer;
				PRODUCT_NAME = "$(TARGET_NAME)";
				TARGETED_DEVICE_FAMILY = "1,2";
			};
			name = Release;
		};
		78A400F421C6136400C90132 /* Debug */ = {
			isa = XCBuildConfiguration;
			buildSettings = {
				BUNDLE_LOADER = "$(TEST_HOST)";
				CODE_SIGN_STYLE = Automatic;
				INFOPLIST_FILE = PlaybackUsingAVPlayerLayerTests/Info.plist;
				LD_RUNPATH_SEARCH_PATHS = (
					"$(inherited)",
					"@executable_path/Frameworks",
					"@loader_path/Frameworks",
				);
				PRODUCT_BUNDLE_IDENTIFIER = kr.hangyojeong.PlaybackUsingAVPlayerLayerTests;
				PRODUCT_NAME = "$(TARGET_NAME)";
				TARGETED_DEVICE_FAMILY = "1,2";
				TEST_HOST = "$(BUILT_PRODUCTS_DIR)/PlaybackUsingAVPlayerLayer.app/PlaybackUsingAVPlayerLayer";
			};
			name = Debug;
		};
		78A400F521C6136400C90132 /* Release */ = {
			isa = XCBuildConfiguration;
			buildSettings = {
				BUNDLE_LOADER = "$(TEST_HOST)";
				CODE_SIGN_STYLE = Automatic;
				INFOPLIST_FILE = PlaybackUsingAVPlayerLayerTests/Info.plist;
				LD_RUNPATH_SEARCH_PATHS = (
					"$(inherited)",
					"@executable_path/Frameworks",
					"@loader_path/Frameworks",
				);
				PRODUCT_BUNDLE_IDENTIFIER = kr.hangyojeong.PlaybackUsingAVPlayerLayerTests;
				PRODUCT_NAME = "$(TARGET_NAME)";
				TARGETED_DEVICE_FAMILY = "1,2";
				TEST_HOST = "$(BUILT_PRODUCTS_DIR)/PlaybackUsingAVPlayerLayer.app/PlaybackUsingAVPlayerLayer";
			};
			name = Release;
		};
/* End XCBuildConfiguration section */

/* Begin XCConfigurationList section */
		78A400CA21C6136200C90132 /* Build configuration list for PBXProject "PlaybackUsingAVPlayerLayer" */ = {
			isa = XCConfigurationList;
			buildConfigurations = (
				78A400EE21C6136400C90132 /* Debug */,
				78A400EF21C6136400C90132 /* Release */,
			);
			defaultConfigurationIsVisible = 0;
			defaultConfigurationName = Release;
		};
		78A400F021C6136400C90132 /* Build configuration list for PBXNativeTarget "PlaybackUsingAVPlayerLayer" */ = {
			isa = XCConfigurationList;
			buildConfigurations = (
				78A400F121C6136400C90132 /* Debug */,
				78A400F221C6136400C90132 /* Release */,
			);
			defaultConfigurationIsVisible = 0;
			defaultConfigurationName = Release;
		};
		78A400F321C6136400C90132 /* Build configuration list for PBXNativeTarget "PlaybackUsingAVPlayerLayerTests" */ = {
			isa = XCConfigurationList;
			buildConfigurations = (
				78A400F421C6136400C90132 /* Debug */,
				78A400F521C6136400C90132 /* Release */,
			);
			defaultConfigurationIsVisible = 0;
			defaultConfigurationName = Release;
		};
/* End XCConfigurationList section */
	};
	rootObject = 78A400C721C6136200C90132 /* Project object */;
}
